<Solution>
  <Project Path="src/Fission.Abstractions/Fission.Abstractions.csproj" />
  <Project Path="src/Fission.Plan/Fission.Plan.fsproj" />
  <Project Path="src/Fission.Runtime/Fission.Runtime.csproj" />
  <Project Path="src/Fission.Scheduler/Fission.Scheduler.fsproj" />
  <Project Path="src/Fission.Engine/Fission.Engine.csproj" />
  <Project Path="src/Fission.Server/Fission.Server.csproj" />
  <Project Path="src/Fission.Backends.OnnxRuntime/Fission.Backends.OnnxRuntime.csproj" />
  <Project Path="samples/Fission.Demo/Fission.Demo.csproj" />
  <Project Path="samples/Fission.PlanDemo/Fission.PlanDemo.fsproj" />
  <Project Path="tests/Fission.Runtime.Specs/Fission.Runtime.Specs.csproj" />
  <Project Path="tests/Fission.Scheduler.Specs/Fission.Scheduler.Specs.fsproj" />
  <Project Path="tests/Fission.Engine.Specs/Fission.Engine.Specs.csproj" />
  <Project Path="tests/Fission.Server.Specs/Fission.Server.Specs.csproj" />
  <Project Path="tests/Fission.OnnxRuntime.Specs/Fission.OnnxRuntime.Specs.csproj" />
  <Project Path="tests/Fission.OnnxRuntime.State.Specs/Fission.OnnxRuntime.State.Specs.csproj" />
  <Project Path="tests/Fission.OnnxRuntime.Decoder.Specs/Fission.OnnxRuntime.Decoder.Specs.csproj" />
  <Project Path="tests/Fission.BackendTransactions.Specs/Fission.BackendTransactions.Specs.csproj" />
</Solution>
