<Solution>
  <Project Path="src/Fission.Abstractions/Fission.Abstractions.csproj" />
  <Project Path="src/Fission.Accelerators/Fission.Accelerators.csproj" />
  <Project Path="src/Fission.Plan/Fission.Plan.fsproj" />
  <Project Path="src/Fission.Runtime/Fission.Runtime.csproj" />
  <Project Path="src/Fission.Scheduler/Fission.Scheduler.fsproj" />
  <Project Path="src/Fission.Engine/Fission.Engine.csproj" />
  <Project Path="src/Fission.Server/Fission.Server.csproj" />
  <Project Path="src/Fission.Backends.OnnxRuntime/Fission.Backends.OnnxRuntime.csproj" />
  <Project Path="benchmarks/Fission.Scheduler.Benchmarks/Fission.Scheduler.Benchmarks.csproj" />
  <Project Path="benchmarks/Fission.Serving.LoadGen/Fission.Serving.LoadGen.csproj" />
  <Project Path="benchmarks/Fission.Serving.Reporter/Fission.Serving.Reporter.csproj" />
  <Project Path="samples/Fission.Demo/Fission.Demo.csproj" />
  <Project Path="samples/Fission.PlanDemo/Fission.PlanDemo.fsproj" />
  <Project Path="tests/Fission.Accelerators.Specs/Fission.Accelerators.Specs.csproj" />
  <Project Path="tests/Fission.Runtime.Specs/Fission.Runtime.Specs.csproj" />
  <Project Path="tests/Fission.Kv.Specs/Fission.Kv.Specs.csproj" />
  <Project Path="tests/Fission.DeviceActor.Specs/Fission.DeviceActor.Specs.csproj" />
  <Project Path="tests/Fission.DeviceActor.Identity.Specs/Fission.DeviceActor.Identity.Specs.csproj" />
  <Project Path="tests/Fission.DeviceCancellation.Specs/Fission.DeviceCancellation.Specs.csproj" />
  <Project Path="tests/Fission.Scheduler.Specs/Fission.Scheduler.Specs.fsproj" />
  <Project Path="tests/Fission.Engine.Specs/Fission.Engine.Specs.csproj" />
  <Project Path="tests/Fission.Server.Specs/Fission.Server.Specs.csproj" />
  <Project Path="tests/Fission.OnnxRuntime.Specs/Fission.OnnxRuntime.Specs.csproj" />
  <Project Path="tests/Fission.OnnxRuntime.State.Specs/Fission.OnnxRuntime.State.Specs.csproj" />
  <Project Path="tests/Fission.OnnxRuntime.Decoder.Specs/Fission.OnnxRuntime.Decoder.Specs.csproj" />
  <Project Path="tests/Fission.OnnxRuntime.Geometry.Specs/Fission.OnnxRuntime.Geometry.Specs.csproj" />
  <Project Path="tests/Fission.OnnxRuntime.Optimum.Specs/Fission.OnnxRuntime.Optimum.Specs.csproj" />
  <Project Path="tests/Fission.OnnxRuntime.Batch.Specs/Fission.OnnxRuntime.Batch.Specs.csproj" />
  <Project Path="tests/Fission.OnnxRuntime.OptimumBatch.Specs/Fission.OnnxRuntime.OptimumBatch.Specs.csproj" />
  <Project Path="tests/Fission.OnnxRuntime.OptimumPrefillBatch.Specs/Fission.OnnxRuntime.OptimumPrefillBatch.Specs.csproj" />
  <Project Path="tests/Fission.OnnxRuntime.Migration.Specs/Fission.OnnxRuntime.Migration.Specs.csproj" />
  <Project Path="tests/Fission.OnnxRuntime.MigrationCodec.Specs/Fission.OnnxRuntime.MigrationCodec.Specs.csproj" />
  <Project Path="tests/Fission.OnnxRuntime.PinnedStaging.Specs/Fission.OnnxRuntime.PinnedStaging.Specs.csproj" />
  <Project Path="tests/Fission.OnnxRuntime.CudaCopy.Specs/Fission.OnnxRuntime.CudaCopy.Specs.csproj" />
  <Project Path="tests/Fission.OnnxRuntime.CudaResidentState.Specs/Fission.OnnxRuntime.CudaResidentState.Specs.csproj" />
  <Project Path="tests/Fission.OnnxRuntime.CudaD2HStaging.Specs/Fission.OnnxRuntime.CudaD2HStaging.Specs.csproj" />
  <Project Path="tests/Fission.OnnxRuntime.CudaH2DState.Specs/Fission.OnnxRuntime.CudaH2DState.Specs.csproj" />
  <Project Path="tests/Fission.OnnxRuntime.CudaMigrationCodec.Specs/Fission.OnnxRuntime.CudaMigrationCodec.Specs.csproj" />
  <Project Path="tests/Fission.OnnxRuntime.CudaKvArena.Specs/Fission.OnnxRuntime.CudaKvArena.Specs.csproj" />
  <Project Path="tests/Fission.OnnxRuntime.CudaPresentKv.Specs/Fission.OnnxRuntime.CudaPresentKv.Specs.csproj" />
  <Project Path="tests/Fission.OnnxRuntime.CudaPastKv.Specs/Fission.OnnxRuntime.CudaPastKv.Specs.csproj" />
  <Project Path="tests/Fission.OnnxRuntime.CudaBinding.Specs/Fission.OnnxRuntime.CudaBinding.Specs.csproj" />
  <Project Path="tests/Fission.OnnxRuntime.CudaSplitFallback.Specs/Fission.OnnxRuntime.CudaSplitFallback.Specs.csproj" />
  <Project Path="tests/Fission.OnnxRuntime.CudaGather.Specs/Fission.OnnxRuntime.CudaGather.Specs.csproj" />
  <Project Path="tests/Fission.OnnxRuntime.AsyncBatch.Specs/Fission.OnnxRuntime.AsyncBatch.Specs.csproj" />
  <Project Path="tests/Fission.OnnxRuntime.CudaGatherBinding.Specs/Fission.OnnxRuntime.CudaGatherBinding.Specs.csproj" />
  <Project Path="tests/Fission.OnnxRuntime.CudaGqaSafe.Specs/Fission.OnnxRuntime.CudaGqaSafe.Specs.csproj" />
  <Project Path="tests/Fission.OnnxRuntime.CudaDevicePool.Specs/Fission.OnnxRuntime.CudaDevicePool.Specs.csproj" />
  <Project Path="tests/Fission.BackendTransactions.Specs/Fission.BackendTransactions.Specs.csproj" />
  <Project Path="tests/Fission.Migration.Specs/Fission.Migration.Specs.csproj" />
  <Project Path="tests/Fission.MultiDevice.Specs/Fission.MultiDevice.Specs.csproj" />
  <Project Path="tests/Fission.MigrationProtocol.Specs/Fission.MigrationProtocol.Specs.csproj" />
  <Project Path="tests/Fission.MigrationTransport.Specs/Fission.MigrationTransport.Specs.csproj" />
  <Project Path="tests/Fission.MigrationTransportRuntime.Specs/Fission.MigrationTransportRuntime.Specs.csproj" />
  <Project Path="tests/Fission.MigrationObservability.Specs/Fission.MigrationObservability.Specs.csproj" />
  <Project Path="tests/Fission.MigrationTimeout.Specs/Fission.MigrationTimeout.Specs.csproj" />
  <Project Path="tests/Fission.MigrationHealth.Specs/Fission.MigrationHealth.Specs.csproj" />
  <Project Path="tests/Fission.TracePersistence.Specs/Fission.TracePersistence.Specs.csproj" />
  <Project Path="tests/Fission.TraceStreaming.Specs/Fission.TraceStreaming.Specs.csproj" />
</Solution>
